// !$*UTF8*$!
{
	archiveVersion = 1;
	classes = {
	};
	objectVersion = 56;
	objects = {

/* Begin PBXBuildFile section */
		BA1E9156299BB45E00EE3C42 /* __App.swift in Sources */ = {isa = PBXBuildFile; fileRef = BA1E9155299BB45E00EE3C42 /* __App.swift */; };
		BA1E9158299BB45E00EE3C42 /* ContentView.swift in Sources */ = {isa = PBXBuildFile; fileRef = BA1E9157299BB45E00EE3C42 /* ContentView.swift */; };
		BA1E915A299BB46100EE3C42 /* Assets.xcassets in Resources */ = {isa = PBXBuildFile; fileRef = BA1E9159299BB46100EE3C42 /* Assets.xcassets */; };
		BA1E915D299BB46100EE3C42 /* Preview Assets.xcassets in Resources */ = {isa = PBXBuildFile; fileRef = BA1E915C299BB46100EE3C42 /* Preview Assets.xcassets */; };
		BA1E9167299BB46100EE3C42 /* __Tests.swift in Sources */ = {isa = PBXBuildFile; fileRef = BA1E9166299BB46100EE3C42 /* __Tests.swift */; };
		BA1E9171299BB46100EE3C42 /* __UITests.swift in Sources */ = {isa = PBXBuildFile; fileRef = BA1E9170299BB46100EE3C42 /* __UITests.swift */; };
		BA1E9173299BB46100EE3C42 /* __UITestsLaunchTests.swift in Sources */ = {isa = PBXBuildFile; fileRef = BA1E9172299BB46100EE3C42 /* __UITestsLaunchTests.swift */; };
		BA1E9180299BBCEC00EE3C42 /* shuffle.swift in Sources */ = {isa = PBXBuildFile; fileRef = BA1E917F299BBCEC00EE3C42 /* shuffle.swift */; };
/* End PBXBuildFile section */

/* Begin PBXContainerItemProxy section */
		BA1E9163299BB46100EE3C42 /* PBXContainerItemProxy */ = {
			isa = PBXContainerItemProxy;
			containerPortal = BA1E914A299BB45E00EE3C42 /* Project object */;
			proxyType = 1;
			remoteGlobalIDString = BA1E9151299BB45E00EE3C42;
			remoteInfo = "お題";
		};
		BA1E916D299BB46100EE3C42 /* PBXContainerItemProxy */ = {
			isa = PBXContainerItemProxy;
			containerPortal = BA1E914A299BB45E00EE3C42 /* Project object */;
			proxyType = 1;
			remoteGlobalIDString = BA1E9151299BB45E00EE3C42;
			remoteInfo = "お題";
		};
/* End PBXContainerItemProxy section */

/* Begin PBXFileReference section */
		BA1E9152299BB45E00EE3C42 /* お題.app */ = {isa = PBXFileReference; explicitFileType = wrapper.application; includeInIndex = 0; path = "お題.app"; sourceTree = BUILT_PRODUCTS_DIR; };
		BA1E9155299BB45E00EE3C42 /* __App.swift */ = {isa = PBXFileReference; lastKnownFileType = sourcecode.swift; path = __App.swift; sourceTree = "<group>"; };
		BA1E9157299BB45E00EE3C42 /* ContentView.swift */ = {isa = PBXFileReference; lastKnownFileType = sourcecode.swift; path = ContentView.swift; sourceTree = "<group>"; };
		BA1E9159299BB46100EE3C42 /* Assets.xcassets */ = {isa = PBXFileReference; lastKnownFileType = folder.assetcatalog; path = Assets.xcassets; sourceTree = "<group>"; };
		BA1E915C299BB46100EE3C42 /* Preview Assets.xcassets */ = {isa = PBXFileReference; lastKnownFileType = folder.assetcatalog; path = "Preview Assets.xcassets"; sourceTree = "<group>"; };
		BA1E9162299BB46100EE3C42 /* お題Tests.xctest */ = {isa = PBXFileReference; explicitFileType = wrapper.cfbundle; includeInIndex = 0; path = "お題Tests.xctest"; sourceTree = BUILT_PRODUCTS_DIR; };
		BA1E9166299BB46100EE3C42 /* __Tests.swift */ = {isa = PBXFileReference; lastKnownFileType = sourcecode.swift; path = __Tests.swift; sourceTree = "<group>"; };
		BA1E916C299BB46100EE3C42 /* お題UITests.xctest */ = {isa = PBXFileReference; explicitFileType = wrapper.cfbundle; includeInIndex = 0; path = "お題UITests.xctest"; sourceTree = BUILT_PRODUCTS_DIR; };
		BA1E9170299BB46100EE3C42 /* __UITests.swift */ = {isa = PBXFileReference; lastKnownFileType = sourcecode.swift; path = __UITests.swift; sourceTree = "<group>"; };
		BA1E9172299BB46100EE3C42 /* __UITestsLaunchTests.swift */ = {isa = PBXFileReference; lastKnownFileType = sourcecode.swift; path = __UITestsLaunchTests.swift; sourceTree = "<group>"; };
		BA1E917F299BBCEC00EE3C42 /* shuffle.swift */ = {isa = PBXFileReference; lastKnownFileType = sourcecode.swift; path = shuffle.swift; sourceTree = "<group>"; };
/* End PBXFileReference section */

/* Begin PBXFrameworksBuildPhase section */
		BA1E914F299BB45E00EE3C42 /* Frameworks */ = {
			isa = PBXFrameworksBuildPhase;
			buildActionMask = 2147483647;
			files = (
			);
			runOnlyForDeploymentPostprocessing = 0;
		};
		BA1E915F299BB46100EE3C42 /* Frameworks */ = {
			isa = PBXFrameworksBuildPhase;
			buildActionMask = 2147483647;
			files = (
			);
			runOnlyForDeploymentPostprocessing = 0;
		};
		BA1E9169299BB46100EE3C42 /* Frameworks */ = {
			isa = PBXFrameworksBuildPhase;
			buildActionMask = 2147483647;
			files = (
			);
			runOnlyForDeploymentPostprocessing = 0;
		};
/* End PBXFrameworksBuildPhase section */

/* Begin PBXGroup section */
		BA1E9149299BB45E00EE3C42 = {
			isa = PBXGroup;
			children = (
				BA1E9154299BB45E00EE3C42 /* お題 */,
				BA1E9165299BB46100EE3C42 /* お題Tests */,
				BA1E916F299BB46100EE3C42 /* お題UITests */,
				BA1E9153299BB45E00EE3C42 /* Products */,
			);
			sourceTree = "<group>";
		};
		BA1E9153299BB45E00EE3C42 /* Products */ = {
			isa = PBXGroup;
			children = (
				BA1E9152299BB45E00EE3C42 /* お題.app */,
				BA1E9162299BB46100EE3C42 /* お題Tests.xctest */,
				BA1E916C299BB46100EE3C42 /* お題UITests.xctest */,
			);
			name = Products;
			sourceTree = "<group>";
		};
		BA1E9154299BB45E00EE3C42 /* お題 */ = {
			isa = PBXGroup;
			children = (
				BA1E9155299BB45E00EE3C42 /* __App.swift */,
				BA1E9157299BB45E00EE3C42 /* ContentView.swift */,
				BA1E917F299BBCEC00EE3C42 /* shuffle.swift */,
				BA1E9159299BB46100EE3C42 /* Assets.xcassets */,
				BA1E915B299BB46100EE3C42 /* Preview Content */,
			);
			path = "お題";
			sourceTree = "<group>";
		};
		BA1E915B299BB46100EE3C42 /* Preview Content */ = {
			isa = PBXGroup;
			children = (
				BA1E915C299BB46100EE3C42 /* Preview Assets.xcassets */,
			);
			path = "Preview Content";
			sourceTree = "<group>";
		};
		BA1E9165299BB46100EE3C42 /* お題Tests */ = {
			isa = PBXGroup;
			children = (
				BA1E9166299BB46100EE3C42 /* __Tests.swift */,
			);
			path = "お題Tests";
			sourceTree = "<group>";
		};
		BA1E916F299BB46100EE3C42 /* お題UITests */ = {
			isa = PBXGroup;
			children = (
				BA1E9170299BB46100EE3C42 /* __UITests.swift */,
				BA1E9172299BB46100EE3C42 /* __UITestsLaunchTests.swift */,
			);
			path = "お題UITests";
			sourceTree = "<group>";
		};
/* End PBXGroup section */

/* Begin PBXNativeTarget section */
		BA1E9151299BB45E00EE3C42 /* お題 */ = {
			isa = PBXNativeTarget;
			buildConfigurationList = BA1E9176299BB46100EE3C42 /* Build configuration list for PBXNativeTarget "お題" */;
			buildPhases = (
				BA1E914E299BB45E00EE3C42 /* Sources */,
				BA1E914F299BB45E00EE3C42 /* Frameworks */,
				BA1E9150299BB45E00EE3C42 /* Resources */,
			);
			buildRules = (
			);
			dependencies = (
			);
			name = "お題";
			productName = "お題";
			productReference = BA1E9152299BB45E00EE3C42 /* お題.app */;
			productType = "com.apple.product-type.application";
		};
		BA1E9161299BB46100EE3C42 /* お題Tests */ = {
			isa = PBXNativeTarget;
			buildConfigurationList = BA1E9179299BB46100EE3C42 /* Build configuration list for PBXNativeTarget "お題Tests" */;
			buildPhases = (
				BA1E915E299BB46100EE3C42 /* Sources */,
				BA1E915F299BB46100EE3C42 /* Frameworks */,
				BA1E9160299BB46100EE3C42 /* Resources */,
			);
			buildRules = (
			);
			dependencies = (
				BA1E9164299BB46100EE3C42 /* PBXTargetDependency */,
			);
			name = "お題Tests";
			productName = "お題Tests";
			productReference = BA1E9162299BB46100EE3C42 /* お題Tests.xctest */;
			productType = "com.apple.product-type.bundle.unit-test";
		};
		BA1E916B299BB46100EE3C42 /* お題UITests */ = {
			isa = PBXNativeTarget;
			buildConfigurationList = BA1E917C299BB46100EE3C42 /* Build configuration list for PBXNativeTarget "お題UITests" */;
			buildPhases = (
				BA1E9168299BB46100EE3C42 /* Sources */,
				BA1E9169299BB46100EE3C42 /* Frameworks */,
				BA1E916A299BB46100EE3C42 /* Resources */,
			);
			buildRules = (
			);
			dependencies = (
				BA1E916E299BB46100EE3C42 /* PBXTargetDependency */,
			);
			name = "お題UITests";
			productName = "お題UITests";
			productReference = BA1E916C299BB46100EE3C42 /* お題UITests.xctest */;
			productType = "com.apple.product-type.bundle.ui-testing";
		};
/* End PBXNativeTarget section */

/* Begin PBXProject section */
		BA1E914A299BB45E00EE3C42 /* Project object */ = {
			isa = PBXProject;
			attributes = {
				BuildIndependentTargetsInParallel = 1;
				LastSwiftUpdateCheck = 1420;
				LastUpgradeCheck = 1420;
				TargetAttributes = {
					BA1E9151299BB45E00EE3C42 = {
						CreatedOnToolsVersion = 14.2;
					};
					BA1E9161299BB46100EE3C42 = {
						CreatedOnToolsVersion = 14.2;
						TestTargetID = BA1E9151299BB45E00EE3C42;
					};
					BA1E916B299BB46100EE3C42 = {
						CreatedOnToolsVersion = 14.2;
						TestTargetID = BA1E9151299BB45E00EE3C42;
					};
				};
			};
			buildConfigurationList = BA1E914D299BB45E00EE3C42 /* Build configuration list for PBXProject "お題" */;
			compatibilityVersion = "Xcode 14.0";
			developmentRegion = en;
			hasScannedForEncodings = 0;
			knownRegions = (
				en,
				Base,
			);
			mainGroup = BA1E9149299BB45E00EE3C42;
			productRefGroup = BA1E9153299BB45E00EE3C42 /* Products */;
			projectDirPath = "";
			projectRoot = "";
			targets = (
				BA1E9151299BB45E00EE3C42 /* お題 */,
				BA1E9161299BB46100EE3C42 /* お題Tests */,
				BA1E916B299BB46100EE3C42 /* お題UITests */,
			);
		};
/* End PBXProject section */

/* Begin PBXResourcesBuildPhase section */
		BA1E9150299BB45E00EE3C42 /* Resources */ = {
			isa = PBXResourcesBuildPhase;
			buildActionMask = 2147483647;
			files = (
				BA1E915D299BB46100EE3C42 /* Preview Assets.xcassets in Resources */,
				BA1E915A299BB46100EE3C42 /* Assets.xcassets in Resources */,
			);
			runOnlyForDeploymentPostprocessing = 0;
		};
		BA1E9160299BB46100EE3C42 /* Resources */ = {
			isa = PBXResourcesBuildPhase;
			buildActionMask = 2147483647;
			files = (
			);
			runOnlyForDeploymentPostprocessing = 0;
		};
		BA1E916A299BB46100EE3C42 /* Resources */ = {
			isa = PBXResourcesBuildPhase;
			buildActionMask = 2147483647;
			files = (
			);
			runOnlyForDeploymentPostprocessing = 0;
		};
/* End PBXResourcesBuildPhase section */

/* Begin PBXSourcesBuildPhase section */
		BA1E914E299BB45E00EE3C42 /* Sources */ = {
			isa = PBXSourcesBuildPhase;
			buildActionMask = 2147483647;
			files = (
				BA1E9158299BB45E00EE3C42 /* ContentView.swift in Sources */,
				BA1E9156299BB45E00EE3C42 /* __App.swift in Sources */,
				BA1E9180299BBCEC00EE3C42 /* shuffle.swift in Sources */,
			);
			runOnlyForDeploymentPostprocessing = 0;
		};
		BA1E915E299BB46100EE3C42 /* Sources */ = {
			isa = PBXSourcesBuildPhase;
			buildActionMask = 2147483647;
			files = (
				BA1E9167299BB46100EE3C42 /* __Tests.swift in Sources */,
			);
			runOnlyForDeploymentPostprocessing = 0;
		};
		BA1E9168299BB46100EE3C42 /* Sources */ = {
			isa = PBXSourcesBuildPhase;
			buildActionMask = 2147483647;
			files = (
				BA1E9173299BB46100EE3C42 /* __UITestsLaunchTests.swift in Sources */,
				BA1E9171299BB46100EE3C42 /* __UITests.swift in Sources */,
			);
			runOnlyForDeploymentPostprocessing = 0;
		};
/* End PBXSourcesBuildPhase section */

/* Begin PBXTargetDependency section */
		BA1E9164299BB46100EE3C42 /* PBXTargetDependency */ = {
			isa = PBXTargetDependency;
			target = BA1E9151299BB45E00EE3C42 /* お題 */;
			targetProxy = BA1E9163299BB46100EE3C42 /* PBXContainerItemProxy */;
		};
		BA1E916E299BB46100EE3C42 /* PBXTargetDependency */ = {
			isa = PBXTargetDependency;
			target = BA1E9151299BB45E00EE3C42 /* お題 */;
			targetProxy = BA1E916D299BB46100EE3C42 /* PBXContainerItemProxy */;
		};
/* End PBXTargetDependency section */

/* Begin XCBuildConfiguration section */
		BA1E9174299BB46100EE3C42 /* Debug */ = {
			isa = XCBuildConfiguration;
			buildSettings = {
				ALWAYS_SEARCH_USER_PATHS = NO;
				CLANG_ANALYZER_NONNULL = YES;
				CLANG_ANALYZER_NUMBER_OBJECT_CONVERSION = YES_AGGRESSIVE;
				CLANG_CXX_LANGUAGE_STANDARD = "gnu++20";
				CLANG_ENABLE_MODULES = YES;
				CLANG_ENABLE_OBJC_ARC = YES;
				CLANG_ENABLE_OBJC_WEAK = YES;
				CLANG_WARN_BLOCK_CAPTURE_AUTORELEASING = YES;
				CLANG_WARN_BOOL_CONVERSION = YES;
				CLANG_WARN_COMMA = YES;
				CLANG_WARN_CONSTANT_CONVERSION = YES;
				CLANG_WARN_DEPRECATED_OBJC_IMPLEMENTATIONS = YES;
				CLANG_WARN_DIRECT_OBJC_ISA_USAGE = YES_ERROR;
				CLANG_WARN_DOCUMENTATION_COMMENTS = YES;
				CLANG_WARN_EMPTY_BODY = YES;
				CLANG_WARN_ENUM_CONVERSION = YES;
				CLANG_WARN_INFINITE_RECURSION = YES;
				CLANG_WARN_INT_CONVERSION = YES;
				CLANG_WARN_NON_LITERAL_NULL_CONVERSION = YES;
				CLANG_WARN_OBJC_IMPLICIT_RETAIN_SELF = YES;
				CLANG_WARN_OBJC_LITERAL_CONVERSION = YES;
				CLANG_WARN_OBJC_ROOT_CLASS = YES_ERROR;
				CLANG_WARN_QUOTED_INCLUDE_IN_FRAMEWORK_HEADER = YES;
				CLANG_WARN_RANGE_LOOP_ANALYSIS = YES;
				CLANG_WARN_STRICT_PROTOTYPES = YES;
				CLANG_WARN_SUSPICIOUS_MOVE = YES;
				CLANG_WARN_UNGUARDED_AVAILABILITY = YES_AGGRESSIVE;
				CLANG_WARN_UNREACHABLE_CODE = YES;
				CLANG_WARN__DUPLICATE_METHOD_MATCH = YES;
				COPY_PHASE_STRIP = NO;
				DEBUG_INFORMATION_FORMAT = dwarf;
				ENABLE_STRICT_OBJC_MSGSEND = YES;
				ENABLE_TESTABILITY = YES;
				GCC_C_LANGUAGE_STANDARD = gnu11;
				GCC_DYNAMIC_NO_PIC = NO;
				GCC_NO_COMMON_BLOCKS = YES;
				GCC_OPTIMIZATION_LEVEL = 0;
				GCC_PREPROCESSOR_DEFINITIONS = (
					"DEBUG=1",
					"$(inherited)",
				);
				GCC_WARN_64_TO_32_BIT_CONVERSION = YES;
				GCC_WARN_ABOUT_RETURN_TYPE = YES_ERROR;
				GCC_WARN_UNDECLARED_SELECTOR = YES;
				GCC_WARN_UNINITIALIZED_AUTOS = YES_AGGRESSIVE;
				GCC_WARN_UNUSED_FUNCTION = YES;
				GCC_WARN_UNUSED_VARIABLE = YES;
				IPHONEOS_DEPLOYMENT_TARGET = 16.2;
				MTL_ENABLE_DEBUG_INFO = INCLUDE_SOURCE;
				MTL_FAST_MATH = YES;
				ONLY_ACTIVE_ARCH = YES;
				SDKROOT = iphoneos;
				SWIFT_ACTIVE_COMPILATION_CONDITIONS = DEBUG;
				SWIFT_OPTIMIZATION_LEVEL = "-Onone";
			};
			name = Debug;
		};
		BA1E9175299BB46100EE3C42 /* Release */ = {
			isa = XCBuildConfiguration;
			buildSettings = {
				ALWAYS_SEARCH_USER_PATHS = NO;
				CLANG_ANALYZER_NONNULL = YES;
				CLANG_ANALYZER_NUMBER_OBJECT_CONVERSION = YES_AGGRESSIVE;
				CLANG_CXX_LANGUAGE_STANDARD = "gnu++20";
				CLANG_ENABLE_MODULES = YES;
				CLANG_ENABLE_OBJC_ARC = YES;
				CLANG_ENABLE_OBJC_WEAK = YES;
				CLANG_WARN_BLOCK_CAPTURE_AUTORELEASING = YES;
				CLANG_WARN_BOOL_CONVERSION = YES;
				CLANG_WARN_COMMA = YES;
				CLANG_WARN_CONSTANT_CONVERSION = YES;
				CLANG_WARN_DEPRECATED_OBJC_IMPLEMENTATIONS = YES;
				CLANG_WARN_DIRECT_OBJC_ISA_USAGE = YES_ERROR;
				CLANG_WARN_DOCUMENTATION_COMMENTS = YES;
				CLANG_WARN_EMPTY_BODY = YES;
				CLANG_WARN_ENUM_CONVERSION = YES;
				CLANG_WARN_INFINITE_RECURSION = YES;
				CLANG_WARN_INT_CONVERSION = YES;
				CLANG_WARN_NON_LITERAL_NULL_CONVERSION = YES;
				CLANG_WARN_OBJC_IMPLICIT_RETAIN_SELF = YES;
				CLANG_WARN_OBJC_LITERAL_CONVERSION = YES;
				CLANG_WARN_OBJC_ROOT_CLASS = YES_ERROR;
				CLANG_WARN_QUOTED_INCLUDE_IN_FRAMEWORK_HEADER = YES;
				CLANG_WARN_RANGE_LOOP_ANALYSIS = YES;
				CLANG_WARN_STRICT_PROTOTYPES = YES;
				CLANG_WARN_SUSPICIOUS_MOVE = YES;
				CLANG_WARN_UNGUARDED_AVAILABILITY = YES_AGGRESSIVE;
				CLANG_WARN_UNREACHABLE_CODE = YES;
				CLANG_WARN__DUPLICATE_METHOD_MATCH = YES;
				COPY_PHASE_STRIP = NO;
				DEBUG_INFORMATION_FORMAT = "dwarf-with-dsym";
				ENABLE_NS_ASSERTIONS = NO;
				ENABLE_STRICT_OBJC_MSGSEND = YES;
				GCC_C_LANGUAGE_STANDARD = gnu11;
				GCC_NO_COMMON_BLOCKS = YES;
				GCC_WARN_64_TO_32_BIT_CONVERSION = YES;
				GCC_WARN_ABOUT_RETURN_TYPE = YES_ERROR;
				GCC_WARN_UNDECLARED_SELECTOR = YES;
				GCC_WARN_UNINITIALIZED_AUTOS = YES_AGGRESSIVE;
				GCC_WARN_UNUSED_FUNCTION = YES;
				GCC_WARN_UNUSED_VARIABLE = YES;
				IPHONEOS_DEPLOYMENT_TARGET = 16.2;
				MTL_ENABLE_DEBUG_INFO = NO;
				MTL_FAST_MATH = YES;
				SDKROOT = iphoneos;
				SWIFT_COMPILATION_MODE = wholemodule;
				SWIFT_OPTIMIZATION_LEVEL = "-O";
				VALIDATE_PRODUCT = YES;
			};
			name = Release;
		};
		BA1E9177299BB46100EE3C42 /* Debug */ = {
			isa = XCBuildConfiguration;
			buildSettings = {
				ASSETCATALOG_COMPILER_APPICON_NAME = AppIcon;
				ASSETCATALOG_COMPILER_GLOBAL_ACCENT_COLOR_NAME = AccentColor;
				CODE_SIGN_STYLE = Automatic;
				CURRENT_PROJECT_VERSION = 1;
				DEVELOPMENT_ASSET_PATHS = "\"お題/Preview Content\"";
				DEVELOPMENT_TEAM = 368394UMH5;
				ENABLE_PREVIEWS = YES;
				GENERATE_INFOPLIST_FILE = YES;
				INFOPLIST_KEY_UIApplicationSceneManifest_Generation = YES;
				INFOPLIST_KEY_UIApplicationSupportsIndirectInputEvents = YES;
				INFOPLIST_KEY_UILaunchScreen_Generation = YES;
				INFOPLIST_KEY_UISupportedInterfaceOrientations_iPad = "UIInterfaceOrientationPortrait UIInterfaceOrientationPortraitUpsideDown UIInterfaceOrientationLandscapeLeft UIInterfaceOrientationLandscapeRight";
				INFOPLIST_KEY_UISupportedInterfaceOrientations_iPhone = "UIInterfaceOrientationPortrait UIInterfaceOrientationLandscapeLeft UIInterfaceOrientationLandscapeRight";
				LD_RUNPATH_SEARCH_PATHS = (
					"$(inherited)",
					"@executable_path/Frameworks",
				);
				MARKETING_VERSION = 1.0;
				PRODUCT_BUNDLE_IDENTIFIER = "shizuku-no1-ameblo.jp.--";
				PRODUCT_NAME = "$(TARGET_NAME)";
				SWIFT_EMIT_LOC_STRINGS = YES;
				SWIFT_VERSION = 5.0;
				TARGETED_DEVICE_FAMILY = "1,2";
			};
			name = Debug;
		};
		BA1E9178299BB46100EE3C42 /* Release */ = {
			isa = XCBuildConfiguration;
			buildSettings = {
				ASSETCATALOG_COMPILER_APPICON_NAME = AppIcon;
				ASSETCATALOG_COMPILER_GLOBAL_ACCENT_COLOR_NAME = AccentColor;
				CODE_SIGN_STYLE = Automatic;
				CURRENT_PROJECT_VERSION = 1;
				DEVELOPMENT_ASSET_PATHS = "\"お題/Preview Content\"";
				DEVELOPMENT_TEAM = 368394UMH5;
				ENABLE_PREVIEWS = YES;
				GENERATE_INFOPLIST_FILE = YES;
				INFOPLIST_KEY_UIApplicationSceneManifest_Generation = YES;
				INFOPLIST_KEY_UIApplicationSupportsIndirectInputEvents = YES;
				INFOPLIST_KEY_UILaunchScreen_Generation = YES;
				INFOPLIST_KEY_UISupportedInterfaceOrientations_iPad = "UIInterfaceOrientationPortrait UIInterfaceOrientationPortraitUpsideDown UIInterfaceOrientationLandscapeLeft UIInterfaceOrientationLandscapeRight";
				INFOPLIST_KEY_UISupportedInterfaceOrientations_iPhone = "UIInterfaceOrientationPortrait UIInterfaceOrientationLandscapeLeft UIInterfaceOrientationLandscapeRight";
				LD_RUNPATH_SEARCH_PATHS = (
					"$(inherited)",
					"@executable_path/Frameworks",
				);
				MARKETING_VERSION = 1.0;
				PRODUCT_BUNDLE_IDENTIFIER = "shizuku-no1-ameblo.jp.--";
				PRODUCT_NAME = "$(TARGET_NAME)";
				SWIFT_EMIT_LOC_STRINGS = YES;
				SWIFT_VERSION = 5.0;
				TARGETED_DEVICE_FAMILY = "1,2";
			};
			name = Release;
		};
		BA1E917A299BB46100EE3C42 /* Debug */ = {
			isa = XCBuildConfiguration;
			buildSettings = {
				ALWAYS_EMBED_SWIFT_STANDARD_LIBRARIES = YES;
				BUNDLE_LOADER = "$(TEST_HOST)";
				CODE_SIGN_STYLE = Automatic;
				CURRENT_PROJECT_VERSION = 1;
				DEVELOPMENT_TEAM = 368394UMH5;
				GENERATE_INFOPLIST_FILE = YES;
				IPHONEOS_DEPLOYMENT_TARGET = 16.2;
				MARKETING_VERSION = 1.0;
				PRODUCT_BUNDLE_IDENTIFIER = "shizuku-no1-ameblo.jp.--Tests";
				PRODUCT_NAME = "$(TARGET_NAME)";
				SWIFT_EMIT_LOC_STRINGS = NO;
				SWIFT_VERSION = 5.0;
				TARGETED_DEVICE_FAMILY = "1,2";
				TEST_HOST = "$(BUILT_PRODUCTS_DIR)/お題.app/$(BUNDLE_EXECUTABLE_FOLDER_PATH)/お題";
			};
			name = Debug;
		};
		BA1E917B299BB46100EE3C42 /* Release */ = {
			isa = XCBuildConfiguration;
			buildSettings = {
				ALWAYS_EMBED_SWIFT_STANDARD_LIBRARIES = YES;
				BUNDLE_LOADER = "$(TEST_HOST)";
				CODE_SIGN_STYLE = Automatic;
				CURRENT_PROJECT_VERSION = 1;
				DEVELOPMENT_TEAM = 368394UMH5;
				GENERATE_INFOPLIST_FILE = YES;
				IPHONEOS_DEPLOYMENT_TARGET = 16.2;
				MARKETING_VERSION = 1.0;
				PRODUCT_BUNDLE_IDENTIFIER = "shizuku-no1-ameblo.jp.--Tests";
				PRODUCT_NAME = "$(TARGET_NAME)";
				SWIFT_EMIT_LOC_STRINGS = NO;
				SWIFT_VERSION = 5.0;
				TARGETED_DEVICE_FAMILY = "1,2";
				TEST_HOST = "$(BUILT_PRODUCTS_DIR)/お題.app/$(BUNDLE_EXECUTABLE_FOLDER_PATH)/お題";
			};
			name = Release;
		};
		BA1E917D299BB46100EE3C42 /* Debug */ = {
			isa = XCBuildConfiguration;
			buildSettings = {
				ALWAYS_EMBED_SWIFT_STANDARD_LIBRARIES = YES;
				CODE_SIGN_STYLE = Automatic;
				CURRENT_PROJECT_VERSION = 1;
				DEVELOPMENT_TEAM = 368394UMH5;
				GENERATE_INFOPLIST_FILE = YES;
				MARKETING_VERSION = 1.0;
				PRODUCT_BUNDLE_IDENTIFIER = "shizuku-no1-ameblo.jp.--UITests";
				PRODUCT_NAME = "$(TARGET_NAME)";
				SWIFT_EMIT_LOC_STRINGS = NO;
				SWIFT_VERSION = 5.0;
				TARGETED_DEVICE_FAMILY = "1,2";
				TEST_TARGET_NAME = "お題";
			};
			name = Debug;
		};
		BA1E917E299BB46100EE3C42 /* Release */ = {
			isa = XCBuildConfiguration;
			buildSettings = {
				ALWAYS_EMBED_SWIFT_STANDARD_LIBRARIES = YES;
				CODE_SIGN_STYLE = Automatic;
				CURRENT_PROJECT_VERSION = 1;
				DEVELOPMENT_TEAM = 368394UMH5;
				GENERATE_INFOPLIST_FILE = YES;
				MARKETING_VERSION = 1.0;
				PRODUCT_BUNDLE_IDENTIFIER = "shizuku-no1-ameblo.jp.--UITests";
				PRODUCT_NAME = "$(TARGET_NAME)";
				SWIFT_EMIT_LOC_STRINGS = NO;
				SWIFT_VERSION = 5.0;
				TARGETED_DEVICE_FAMILY = "1,2";
				TEST_TARGET_NAME = "お題";
			};
			name = Release;
		};
/* End XCBuildConfiguration section */

/* Begin XCConfigurationList section */
		BA1E914D299BB45E00EE3C42 /* Build configuration list for PBXProject "お題" */ = {
			isa = XCConfigurationList;
			buildConfigurations = (
				BA1E9174299BB46100EE3C42 /* Debug */,
				BA1E9175299BB46100EE3C42 /* Release */,
			);
			defaultConfigurationIsVisible = 0;
			defaultConfigurationName = Release;
		};
		BA1E9176299BB46100EE3C42 /* Build configuration list for PBXNativeTarget "お題" */ = {
			isa = XCConfigurationList;
			buildConfigurations = (
				BA1E9177299BB46100EE3C42 /* Debug */,
				BA1E9178299BB46100EE3C42 /* Release */,
			);
			defaultConfigurationIsVisible = 0;
			defaultConfigurationName = Release;
		};
		BA1E9179299BB46100EE3C42 /* Build configuration list for PBXNativeTarget "お題Tests" */ = {
			isa = XCConfigurationList;
			buildConfigurations = (
				BA1E917A299BB46100EE3C42 /* Debug */,
				BA1E917B299BB46100EE3C42 /* Release */,
			);
			defaultConfigurationIsVisible = 0;
			defaultConfigurationName = Release;
		};
		BA1E917C299BB46100EE3C42 /* Build configuration list for PBXNativeTarget "お題UITests" */ = {
			isa = XCConfigurationList;
			buildConfigurations = (
				BA1E917D299BB46100EE3C42 /* Debug */,
				BA1E917E299BB46100EE3C42 /* Release */,
			);
			defaultConfigurationIsVisible = 0;
			defaultConfigurationName = Release;
		};
/* End XCConfigurationList section */
	};
	rootObject = BA1E914A299BB45E00EE3C42 /* Project object */;
}
